<?xml version="1.0" encoding="utf-8"?>
<Project ToolsVersion="4.0" xmlns="http://schemas.microsoft.com/developer/msbuild/2003">
  <ItemGroup>
    <Filter Include="소스 파일">
      <UniqueIdentifier>{4FC737F1-C7A5-4376-A066-2A32D752A2FF}</UniqueIdentifier>
      <Extensions>cpp;c;cc;cxx;c++;cppm;ixx;def;odl;idl;hpj;bat;asm;asmx</Extensions>
    </Filter>
    <Filter Include="헤더 파일">
      <UniqueIdentifier>{93995380-89BD-4b04-88EB-625FBE52EBFB}</UniqueIdentifier>
      <Extensions>h;hh;hpp;hxx;h++;hm;inl;inc;ipp;xsd</Extensions>
    </Filter>
    <Filter Include="리소스 파일">
      <UniqueIdentifier>{67DA6AB6-F800-4c08-8B7A-83BB121AAD01}</UniqueIdentifier>
      <Extensions>rc;ico;cur;bmp;dlg;rc2;rct;bin;rgs;gif;jpg;jpeg;jpe;resx;tiff;tif;png;wav;mfcribbon-ms</Extensions>
    </Filter>
  </ItemGroup>
  <ItemGroup>
    <ClCompile Include="hmac_core.c">
      <Filter>소스 파일</Filter>
    </ClCompile>
    <ClCompile Include="integrity.c">
      <Filter>소스 파일</Filter>
    </ClCompile>
    <ClCompile Include="KAT_test.c">
      <Filter>소스 파일</Filter>
    </ClCompile>
    <ClCompile Include="mode.c">
      <Filter>소스 파일</Filter>
    </ClCompile>
    <ClCompile Include="mode_core.c">
      <Filter>소스 파일</Filter>
    </ClCompile>
    <ClCompile Include="YBCrypto.c">
      <Filter>소스 파일</Filter>
    </ClCompile>
    <ClCompile Include="blockcipher_core.c">
      <Filter>소스 파일</Filter>
    </ClCompile>
    <ClCompile Include="ctr_drbg.c">
      <Filter>소스 파일</Filter>
    </ClCompile>
    <ClCompile Include="ctrdrbg_core.c">
      <Filter>소스 파일</Filter>
    </ClCompile>
    <ClCompile Include="entropy.c">
      <Filter>소스 파일</Filter>
    </ClCompile>
    <ClCompile Include="hash.c">
      <Filter>소스 파일</Filter>
    </ClCompile>
    <ClCompile Include="hash_core.c">
      <Filter>소스 파일</Filter>
    </ClCompile>
    <ClCompile Include="hmac.c">
      <Filter>소스 파일</Filter>
    </ClCompile>
    <ClCompile Include="dllmain.c">
      <Filter>소스 파일</Filter>
    </ClCompile>
  </ItemGroup>
  <ItemGroup>
    <ClInclude Include="integrity.h">
      <Filter>소스 파일</Filter>
    </ClInclude>
    <ClInclude Include="KAT_test.h">
      <Filter>소스 파일</Filter>
    </ClInclude>
    <ClInclude Include="mode.h">
      <Filter>소스 파일</Filter>
    </ClInclude>
    <ClInclude Include="YBCrypto.h">
      <Filter>소스 파일</Filter>
    </ClInclude>
    <ClInclude Include="blockcipher.h">
      <Filter>소스 파일</Filter>
    </ClInclude>
    <ClInclude Include="ctr_drbg.h">
      <Filter>소스 파일</Filter>
    </ClInclude>
    <ClInclude Include="entropy.h">
      <Filter>소스 파일</Filter>
    </ClInclude>
    <ClInclude Include="hash.h">
      <Filter>소스 파일</Filter>
    </ClInclude>
    <ClInclude Include="hmac.h">
      <Filter>소스 파일</Filter>
    </ClInclude>
  </ItemGroup>
  <ItemGroup>
    <None Include="MakeFile">
      <Filter>소스 파일</Filter>
    </None>
  </ItemGroup>
</Project>